{
  "name": "rticonnextdds-connector",
  "version": "1.5.0",
  "lockfileVersion": 3,
  "requires": true,
  "packages": {
    "": {
      "name": "rticonnextdds-connector",
      "version": "1.5.0",
      "license": "SEE LICENSE IN LICENSE.pdf",
      "dependencies": {
        "events": "^3.2.0",
        "koffi": "^2.8.9"
      }
    },
    "node_modules/events": {
      "version": "3.2.0",
      "resolved": "https://registry.npmjs.org/events/-/events-3.2.0.tgz",
      "integrity": "sha512-/46HWwbfCX2xTawVfkKLGxMifJYQBWMwY1mjywRtb4c9x8l5NP3KoJtnIOiL1hfdRkIuYhETxQlo62IF8tcnlg==",
      "engines": {
        "node": ">=0.8.x"
      }
    },
    "node_modules/koffi": {
      "version": "2.8.9",
      "resolved": "https://registry.npmjs.org/koffi/-/koffi-2.8.9.tgz",
      "integrity": "sha512-Q7ZKiWfPJo3UoaHG1oyWIkEzgaaf5A6HisFiBg9sfG+cTiID+9LzZBnsMzW7hBo5nZktXcHqHXE+4Liw3AU6dQ==",
      "hasInstallScript": true
    }
  }
}
